
Microsoft Visual Studio Solution File, Format Version 12.00
# Visual Studio Version 17
VisualStudioVersion = 17.0.31903.59
MinimumVisualStudioVersion = 10.0.40219.1
Project("{2150E333-8FDC-42A3-9474-1A3956D46DE8}") = "src", "src", "{7A43B873-122D-444F-9337-914513A5E124}"
EndProject
Project("{FAE04EC0-301F-11D3-BF4B-00C04F79EFBC}") = "AuctionService", "src\AuctionService\AuctionService.csproj", "{E16878F5-7A38-4E72-B7CA-DF143C8033E4}"
EndProject
Project("{FAE04EC0-301F-11D3-BF4B-00C04F79EFBC}") = "SearchService", "src\SearchService\SearchService.csproj", "{AE630450-62E4-462F-9295-47DFFE61DCB4}"
EndProject
Global
	GlobalSection(SolutionConfigurationPlatforms) = preSolution
		Debug|Any CPU = Debug|Any CPU
		Release|Any CPU = Release|Any CPU
	EndGlobalSection
	GlobalSection(SolutionProperties) = preSolution
		HideSolutionNode = FALSE
	EndGlobalSection
	GlobalSection(ProjectConfigurationPlatforms) = postSolution
		{E16878F5-7A38-4E72-B7CA-DF143C8033E4}.Debug|Any CPU.ActiveCfg = Debug|Any CPU
		{E16878F5-7A38-4E72-B7CA-DF143C8033E4}.Debug|Any CPU.Build.0 = Debug|Any CPU
		{E16878F5-7A38-4E72-B7CA-DF143C8033E4}.Release|Any CPU.ActiveCfg = Release|Any CPU
		{E16878F5-7A38-4E72-B7CA-DF143C8033E4}.Release|Any CPU.Build.0 = Release|Any CPU
		{AE630450-62E4-462F-9295-47DFFE61DCB4}.Debug|Any CPU.ActiveCfg = Debug|Any CPU
		{AE630450-62E4-462F-9295-47DFFE61DCB4}.Debug|Any CPU.Build.0 = Debug|Any CPU
		{AE630450-62E4-462F-9295-47DFFE61DCB4}.Release|Any CPU.ActiveCfg = Release|Any CPU
		{AE630450-62E4-462F-9295-47DFFE61DCB4}.Release|Any CPU.Build.0 = Release|Any CPU
	EndGlobalSection
	GlobalSection(NestedProjects) = preSolution
		{E16878F5-7A38-4E72-B7CA-DF143C8033E4} = {7A43B873-122D-444F-9337-914513A5E124}
		{AE630450-62E4-462F-9295-47DFFE61DCB4} = {7A43B873-122D-444F-9337-914513A5E124}
	EndGlobalSection
EndGlobal
